
Microsoft Visual Studio Solution File, Format Version 12.00
# Visual Studio Version 17
VisualStudioVersion = 17.5.002.0
MinimumVisualStudioVersion = 10.0.40219.1
Project("{9A19103F-16F7-4668-BE54-9A1E7A4F7556}") = "TelefonRehberiKonsolUygulaması", "TelefonRehberiKonsolUygulaması.csproj", "{BE124076-09B5-453A-B574-CCFD86FA0CBF}"
EndProject
Global
	GlobalSection(SolutionConfigurationPlatforms) = preSolution
		Debug|Any CPU = Debug|Any CPU
		Release|Any CPU = Release|Any CPU
	EndGlobalSection
	GlobalSection(ProjectConfigurationPlatforms) = postSolution
		{BE124076-09B5-453A-B574-CCFD86FA0CBF}.Debug|Any CPU.ActiveCfg = Debug|Any CPU
		{BE124076-09B5-453A-B574-CCFD86FA0CBF}.Debug|Any CPU.Build.0 = Debug|Any CPU
		{BE124076-09B5-453A-B574-CCFD86FA0CBF}.Release|Any CPU.ActiveCfg = Release|Any CPU
		{BE124076-09B5-453A-B574-CCFD86FA0CBF}.Release|Any CPU.Build.0 = Release|Any CPU
	EndGlobalSection
	GlobalSection(SolutionProperties) = preSolution
		HideSolutionNode = FALSE
	EndGlobalSection
	GlobalSection(ExtensibilityGlobals) = postSolution
		SolutionGuid = {F98A989F-5FE9-4759-99B3-F5C395A08C2E}
	EndGlobalSection
EndGlobal
